
Microsoft Visual Studio Solution File, Format Version 12.00
# Visual Studio Version 17
VisualStudioVersion = 17.7.34031.279
MinimumVisualStudioVersion = 10.0.40219.1
Project("{9A19103F-16F7-4668-BE54-9A1E7A4F7556}") = "AppCLI", "AppCLI\AppCLI.csproj", "{8FF2A835-6038-460F-9FC7-853D12408F75}"
EndProject
Project("{9A19103F-16F7-4668-BE54-9A1E7A4F7556}") = "CostXMLParser", "CostXMLParser\CostXMLParser.csproj", "{46A943FA-6D8E-4CA5-B316-51D684950522}"
EndProject
Global
	GlobalSection(SolutionConfigurationPlatforms) = preSolution
		Debug|Any CPU = Debug|Any CPU
		Release|Any CPU = Release|Any CPU
	EndGlobalSection
	GlobalSection(ProjectConfigurationPlatforms) = postSolution
		{8FF2A835-6038-460F-9FC7-853D12408F75}.Debug|Any CPU.ActiveCfg = Debug|Any CPU
		{8FF2A835-6038-460F-9FC7-853D12408F75}.Debug|Any CPU.Build.0 = Debug|Any CPU
		{8FF2A835-6038-460F-9FC7-853D12408F75}.Release|Any CPU.ActiveCfg = Release|Any CPU
		{8FF2A835-6038-460F-9FC7-853D12408F75}.Release|Any CPU.Build.0 = Release|Any CPU
		{46A943FA-6D8E-4CA5-B316-51D684950522}.Debug|Any CPU.ActiveCfg = Debug|Any CPU
		{46A943FA-6D8E-4CA5-B316-51D684950522}.Debug|Any CPU.Build.0 = Debug|Any CPU
		{46A943FA-6D8E-4CA5-B316-51D684950522}.Release|Any CPU.ActiveCfg = Release|Any CPU
		{46A943FA-6D8E-4CA5-B316-51D684950522}.Release|Any CPU.Build.0 = Release|Any CPU
	EndGlobalSection
	GlobalSection(SolutionProperties) = preSolution
		HideSolutionNode = FALSE
	EndGlobalSection
	GlobalSection(ExtensibilityGlobals) = postSolution
		SolutionGuid = {34216890-F3CB-4F23-AD98-6902AFD35F1A}
	EndGlobalSection
EndGlobal
